
Microsoft Visual Studio Solution File, Format Version 12.00
# Visual Studio 15
Project("{FAE04EC0-301F-11D3-BF4B-00C04F79EFBC}") = "ch03-demo1", "ch03-demo1\ch03-demo1.csproj", "{ECBAC840-D116-467F-94C1-A6421EF6CDB2}"
EndProject
Project("{FAE04EC0-301F-11D3-BF4B-00C04F79EFBC}") = "ch03-demo2", "ch03-demo2\ch03-demo2.csproj", "{A7CDAFB3-3635-4EF0-BB29-65C6D3BABD0D}"
EndProject
Global
	GlobalSection(SolutionConfigurationPlatforms) = preSolution
		Debug|Any CPU = Debug|Any CPU
		Release|Any CPU = Release|Any CPU
	EndGlobalSection
	GlobalSection(ProjectConfigurationPlatforms) = postSolution
		{ECBAC840-D116-467F-94C1-A6421EF6CDB2}.Debug|Any CPU.ActiveCfg = Debug|Any CPU
		{ECBAC840-D116-467F-94C1-A6421EF6CDB2}.Debug|Any CPU.Build.0 = Debug|Any CPU
		{ECBAC840-D116-467F-94C1-A6421EF6CDB2}.Release|Any CPU.ActiveCfg = Release|Any CPU
		{ECBAC840-D116-467F-94C1-A6421EF6CDB2}.Release|Any CPU.Build.0 = Release|Any CPU
		{A7CDAFB3-3635-4EF0-BB29-65C6D3BABD0D}.Debug|Any CPU.ActiveCfg = Debug|Any CPU
		{A7CDAFB3-3635-4EF0-BB29-65C6D3BABD0D}.Debug|Any CPU.Build.0 = Debug|Any CPU
		{A7CDAFB3-3635-4EF0-BB29-65C6D3BABD0D}.Release|Any CPU.ActiveCfg = Release|Any CPU
		{A7CDAFB3-3635-4EF0-BB29-65C6D3BABD0D}.Release|Any CPU.Build.0 = Release|Any CPU
	EndGlobalSection
EndGlobal
