
Microsoft Visual Studio Solution File, Format Version 12.00
# Visual Studio 15
Project("{FAE04EC0-301F-11D3-BF4B-00C04F79EFBC}") = "hello-world", "hello-world\hello-world.csproj", "{3A803828-2E15-45CC-ABB0-1A23097F5502}"
EndProject
Global
	GlobalSection(SolutionConfigurationPlatforms) = preSolution
		Debug|Any CPU = Debug|Any CPU
		Release|Any CPU = Release|Any CPU
	EndGlobalSection
	GlobalSection(ProjectConfigurationPlatforms) = postSolution
		{3A803828-2E15-45CC-ABB0-1A23097F5502}.Debug|Any CPU.ActiveCfg = Debug|Any CPU
		{3A803828-2E15-45CC-ABB0-1A23097F5502}.Debug|Any CPU.Build.0 = Debug|Any CPU
		{3A803828-2E15-45CC-ABB0-1A23097F5502}.Release|Any CPU.ActiveCfg = Release|Any CPU
		{3A803828-2E15-45CC-ABB0-1A23097F5502}.Release|Any CPU.Build.0 = Release|Any CPU
	EndGlobalSection
EndGlobal
